# This file was autogenerated by uv via the following command:
#    uv pip compile work/koma/print-agent/requirements.txt --universal --python-version 3.12 -o work/koma/print-agent/requirements.lock
certifi==2026.7.22
    # via requests
charset-normalizer==3.5.1
    # via requests
idna==3.19
    # via requests
pywin32==312 ; sys_platform == 'win32'
    # via -r work/koma/print-agent/requirements.txt
requests==2.34.2
    # via -r work/koma/print-agent/requirements.txt
urllib3==2.7.0
    # via requests
